
Microsoft Visual Studio Solution File, Format Version 12.00
# Visual Studio Version 16
VisualStudioVersion = 16.0.30711.63
MinimumVisualStudioVersion = 15.0.26124.0
Project("{2150E333-8FDC-42A3-9474-1A3956D46DE8}") = "src", "src", "{F9FB5309-B9CC-49F7-94FE-49C433A1C5E9}"
EndProject
Project("{9A19103F-16F7-4668-BE54-9A1E7A4F7556}") = "MaintenanceRequestService.Api", "src\MaintenanceRequestService.Api\MaintenanceRequestService.Api.csproj", "{C94FED63-ECF8-40ED-9082-72A76241C5F9}"
EndProject
Project("{2150E333-8FDC-42A3-9474-1A3956D46DE8}") = "Solution Items", "Solution Items", "{DD3DAFC3-1796-4AF5-A222-A2B9A466A673}"
	ProjectSection(SolutionItems) = preProject
		clisettings.json = clisettings.json
	EndProjectSection
EndProject
Project("{2150E333-8FDC-42A3-9474-1A3956D46DE8}") = "test", "test", "{F6ECDDDB-F9AA-403C-AB51-9C348858FCC4}"
EndProject
Project("{9A19103F-16F7-4668-BE54-9A1E7A4F7556}") = "MaintenanceRequestService.UnitTests", "test\MaintenanceRequestService.UnitTests\MaintenanceRequestService.UnitTests.csproj", "{E5090CC1-ADA4-44D1-A71E-A8EC47787C77}"
EndProject
Project("{9A19103F-16F7-4668-BE54-9A1E7A4F7556}") = "MaintenanceRequestService.Testing", "test\MaintenanceRequestService.Testing\MaintenanceRequestService.Testing.csproj", "{4E247850-E615-44E1-97A6-FA660A50A680}"
EndProject
Global
	GlobalSection(SolutionConfigurationPlatforms) = preSolution
		Debug|Any CPU = Debug|Any CPU
		Debug|x64 = Debug|x64
		Debug|x86 = Debug|x86
		Release|Any CPU = Release|Any CPU
		Release|x64 = Release|x64
		Release|x86 = Release|x86
	EndGlobalSection
	GlobalSection(ProjectConfigurationPlatforms) = postSolution
		{C94FED63-ECF8-40ED-9082-72A76241C5F9}.Debug|Any CPU.ActiveCfg = Debug|Any CPU
		{C94FED63-ECF8-40ED-9082-72A76241C5F9}.Debug|Any CPU.Build.0 = Debug|Any CPU
		{C94FED63-ECF8-40ED-9082-72A76241C5F9}.Debug|x64.ActiveCfg = Debug|Any CPU
		{C94FED63-ECF8-40ED-9082-72A76241C5F9}.Debug|x64.Build.0 = Debug|Any CPU
		{C94FED63-ECF8-40ED-9082-72A76241C5F9}.Debug|x86.ActiveCfg = Debug|Any CPU
		{C94FED63-ECF8-40ED-9082-72A76241C5F9}.Debug|x86.Build.0 = Debug|Any CPU
		{C94FED63-ECF8-40ED-9082-72A76241C5F9}.Release|Any CPU.ActiveCfg = Release|Any CPU
		{C94FED63-ECF8-40ED-9082-72A76241C5F9}.Release|Any CPU.Build.0 = Release|Any CPU
		{C94FED63-ECF8-40ED-9082-72A76241C5F9}.Release|x64.ActiveCfg = Release|Any CPU
		{C94FED63-ECF8-40ED-9082-72A76241C5F9}.Release|x64.Build.0 = Release|Any CPU
		{C94FED63-ECF8-40ED-9082-72A76241C5F9}.Release|x86.ActiveCfg = Release|Any CPU
		{C94FED63-ECF8-40ED-9082-72A76241C5F9}.Release|x86.Build.0 = Release|Any CPU
		{E5090CC1-ADA4-44D1-A71E-A8EC47787C77}.Debug|Any CPU.ActiveCfg = Debug|Any CPU
		{E5090CC1-ADA4-44D1-A71E-A8EC47787C77}.Debug|Any CPU.Build.0 = Debug|Any CPU
		{E5090CC1-ADA4-44D1-A71E-A8EC47787C77}.Debug|x64.ActiveCfg = Debug|Any CPU
		{E5090CC1-ADA4-44D1-A71E-A8EC47787C77}.Debug|x64.Build.0 = Debug|Any CPU
		{E5090CC1-ADA4-44D1-A71E-A8EC47787C77}.Debug|x86.ActiveCfg = Debug|Any CPU
		{E5090CC1-ADA4-44D1-A71E-A8EC47787C77}.Debug|x86.Build.0 = Debug|Any CPU
		{E5090CC1-ADA4-44D1-A71E-A8EC47787C77}.Release|Any CPU.ActiveCfg = Release|Any CPU
		{E5090CC1-ADA4-44D1-A71E-A8EC47787C77}.Release|Any CPU.Build.0 = Release|Any CPU
		{E5090CC1-ADA4-44D1-A71E-A8EC47787C77}.Release|x64.ActiveCfg = Release|Any CPU
		{E5090CC1-ADA4-44D1-A71E-A8EC47787C77}.Release|x64.Build.0 = Release|Any CPU
		{E5090CC1-ADA4-44D1-A71E-A8EC47787C77}.Release|x86.ActiveCfg = Release|Any CPU
		{E5090CC1-ADA4-44D1-A71E-A8EC47787C77}.Release|x86.Build.0 = Release|Any CPU
		{4E247850-E615-44E1-97A6-FA660A50A680}.Debug|Any CPU.ActiveCfg = Debug|Any CPU
		{4E247850-E615-44E1-97A6-FA660A50A680}.Debug|Any CPU.Build.0 = Debug|Any CPU
		{4E247850-E615-44E1-97A6-FA660A50A680}.Debug|x64.ActiveCfg = Debug|Any CPU
		{4E247850-E615-44E1-97A6-FA660A50A680}.Debug|x64.Build.0 = Debug|Any CPU
		{4E247850-E615-44E1-97A6-FA660A50A680}.Debug|x86.ActiveCfg = Debug|Any CPU
		{4E247850-E615-44E1-97A6-FA660A50A680}.Debug|x86.Build.0 = Debug|Any CPU
		{4E247850-E615-44E1-97A6-FA660A50A680}.Release|Any CPU.ActiveCfg = Release|Any CPU
		{4E247850-E615-44E1-97A6-FA660A50A680}.Release|Any CPU.Build.0 = Release|Any CPU
		{4E247850-E615-44E1-97A6-FA660A50A680}.Release|x64.ActiveCfg = Release|Any CPU
		{4E247850-E615-44E1-97A6-FA660A50A680}.Release|x64.Build.0 = Release|Any CPU
		{4E247850-E615-44E1-97A6-FA660A50A680}.Release|x86.ActiveCfg = Release|Any CPU
		{4E247850-E615-44E1-97A6-FA660A50A680}.Release|x86.Build.0 = Release|Any CPU
	EndGlobalSection
	GlobalSection(SolutionProperties) = preSolution
		HideSolutionNode = FALSE
	EndGlobalSection
	GlobalSection(NestedProjects) = preSolution
		{C94FED63-ECF8-40ED-9082-72A76241C5F9} = {F9FB5309-B9CC-49F7-94FE-49C433A1C5E9}
		{E5090CC1-ADA4-44D1-A71E-A8EC47787C77} = {F6ECDDDB-F9AA-403C-AB51-9C348858FCC4}
		{4E247850-E615-44E1-97A6-FA660A50A680} = {F6ECDDDB-F9AA-403C-AB51-9C348858FCC4}
	EndGlobalSection
	GlobalSection(ExtensibilityGlobals) = postSolution
		SolutionGuid = {6BEDA34C-4E30-4E54-90D6-2E0E56B0CBD9}
	EndGlobalSection
EndGlobal
